<Solution>
  <Project Path="eje10/eje10.csproj" Id="24451abe-a77e-454a-b44e-ead0e877b7b0" />
  <Project Path="eje11/eje11.csproj" Id="6808ad73-7c42-4187-9b20-3d077ece5490" />
  <Project Path="eje12/eje12.csproj" Id="fd61e6af-0a68-4b82-ae7b-1067705d0375" />
  <Project Path="eje7/eje7.csproj" Id="426b1cc8-f0a0-4327-ac0b-30da86a412b6" />
  <Project Path="eje8/eje8.csproj" Id="3277bddd-8b37-4b27-a9f8-e1faf3d7fac7" />
  <Project Path="eje9/eje9.csproj" Id="8dfd0b9d-5a97-48b8-adff-6a1bb7ef8ad8" />
  <Project Path="ejercicio5/ejercicio5.csproj" Id="9a979993-4c94-49eb-8272-6f771b274f74" />
  <Project Path="ejercicio6/ejercicio6.csproj" Id="3f194232-d47e-4cbf-ae22-dd0a28a49b68" />
  <Project Path="funciones tarea 11/funciones tarea 11.csproj" />
</Solution>
