<Solution>
  <Project Path="eje7/eje7.csproj" Id="426b1cc8-f0a0-4327-ac0b-30da86a412b6" />
  <Project Path="ejercicio5/ejercicio5.csproj" Id="9a979993-4c94-49eb-8272-6f771b274f74" />
  <Project Path="ejercicio6/ejercicio6.csproj" Id="3f194232-d47e-4cbf-ae22-dd0a28a49b68" />
  <Project Path="funciones tarea 11/funciones tarea 11.csproj" />
</Solution>
